// !$*UTF8*$!
{
	archiveVersion = 1;
	classes = {
	};
	objectVersion = 46;
	objects = {

/* Begin PBXBuildFile section */
		0F525D151D2550FD00131603 /* main.m in Sources */ = {isa = PBXBuildFile; fileRef = 0F525D141D2550FD00131603 /* main.m */; };
		0F525D181D2550FD00131603 /* AppDelegate.m in Sources */ = {isa = PBXBuildFile; fileRef = 0F525D171D2550FD00131603 /* AppDelegate.m */; };
		0F525D1B1D2550FD00131603 /* ViewController.m in Sources */ = {isa = PBXBuildFile; fileRef = 0F525D1A1D2550FD00131603 /* ViewController.m */; };
		0F525D1E1D2550FD00131603 /* Main.storyboard in Resources */ = {isa = PBXBuildFile; fileRef = 0F525D1C1D2550FD00131603 /* Main.storyboard */; };
		0F525D201D2550FD00131603 /* Assets.xcassets in Resources */ = {isa = PBXBuildFile; fileRef = 0F525D1F1D2550FD00131603 /* Assets.xcassets */; };
		0F525D231D2550FD00131603 /* LaunchScreen.storyboard in Resources */ = {isa = PBXBuildFile; fileRef = 0F525D211D2550FD00131603 /* LaunchScreen.storyboard */; };
/* End PBXBuildFile section */

/* Begin PBXFileReference section */
		0F525D101D2550FD00131603 /* snowflake.app */ = {isa = PBXFileReference; explicitFileType = wrapper.application; includeInIndex = 0; path = snowflake.app; sourceTree = BUILT_PRODUCTS_DIR; };
		0F525D141D2550FD00131603 /* main.m */ = {isa = PBXFileReference; lastKnownFileType = sourcecode.c.objc; path = main.m; sourceTree = "<group>"; };
		0F525D161D2550FD00131603 /* AppDelegate.h */ = {isa = PBXFileReference; lastKnownFileType = sourcecode.c.h; path = AppDelegate.h; sourceTree = "<group>"; };
		0F525D171D2550FD00131603 /* AppDelegate.m */ = {isa = PBXFileReference; lastKnownFileType = sourcecode.c.objc; path = AppDelegate.m; sourceTree = "<group>"; };
		0F525D191D2550FD00131603 /* ViewController.h */ = {isa = PBXFileReference; lastKnownFileType = sourcecode.c.h; path = ViewController.h; sourceTree = "<group>"; };
		0F525D1A1D2550FD00131603 /* ViewController.m */ = {isa = PBXFileReference; lastKnownFileType = sourcecode.c.objc; path = ViewController.m; sourceTree = "<group>"; };
		0F525D1D1D2550FD00131603 /* Base */ = {isa = PBXFileReference; lastKnownFileType = file.storyboard; name = Base; path = Base.lproj/Main.storyboard; sourceTree = "<group>"; };
		0F525D1F1D2550FD00131603 /* Assets.xcassets */ = {isa = PBXFileReference; lastKnownFileType = folder.assetcatalog; path = Assets.xcassets; sourceTree = "<group>"; };
		0F525D221D2550FD00131603 /* Base */ = {isa = PBXFileReference; lastKnownFileType = file.storyboard; name = Base; path = Base.lproj/LaunchScreen.storyboard; sourceTree = "<group>"; };
		0F525D241D2550FD00131603 /* Info.plist */ = {isa = PBXFileReference; lastKnownFileType = text.plist.xml; path = Info.plist; sourceTree = "<group>"; };
/* End PBXFileReference section */

/* Begin PBXFrameworksBuildPhase section */
		0F525D0D1D2550FD00131603 /* Frameworks */ = {
			isa = PBXFrameworksBuildPhase;
			buildActionMask = 2147483647;
			files = (
			);
			runOnlyForDeploymentPostprocessing = 0;
		};
/* End PBXFrameworksBuildPhase section */

/* Begin PBXGroup section */
		0F525D071D2550FD00131603 = {
			isa = PBXGroup;
			children = (
				0F525D121D2550FD00131603 /* snowflake */,
				0F525D111D2550FD00131603 /* Products */,
			);
			sourceTree = "<group>";
		};
		0F525D111D2550FD00131603 /* Products */ = {
			isa = PBXGroup;
			children = (
				0F525D101D2550FD00131603 /* snowflake.app */,
			);
			name = Products;
			sourceTree = "<group>";
		};
		0F525D121D2550FD00131603 /* snowflake */ = {
			isa = PBXGroup;
			children = (
				0F525D161D2550FD00131603 /* AppDelegate.h */,
				0F525D171D2550FD00131603 /* AppDelegate.m */,
				0F525D191D2550FD00131603 /* ViewController.h */,
				0F525D1A1D2550FD00131603 /* ViewController.m */,
				0F525D1C1D2550FD00131603 /* Main.storyboard */,
				0F525D1F1D2550FD00131603 /* Assets.xcassets */,
				0F525D211D2550FD00131603 /* LaunchScreen.storyboard */,
				0F525D241D2550FD00131603 /* Info.plist */,
				0F525D131D2550FD00131603 /* Supporting Files */,
			);
			path = snowflake;
			sourceTree = "<group>";
		};
		0F525D131D2550FD00131603 /* Supporting Files */ = {
			isa = PBXGroup;
			children = (
				0F525D141D2550FD00131603 /* main.m */,
			);
			name = "Supporting Files";
			sourceTree = "<group>";
		};
/* End PBXGroup section */

/* Begin PBXNativeTarget section */
		0F525D0F1D2550FD00131603 /* snowflake */ = {
			isa = PBXNativeTarget;
			buildConfigurationList = 0F525D271D2550FD00131603 /* Build configuration list for PBXNativeTarget "snowflake" */;
			buildPhases = (
				0F525D0C1D2550FD00131603 /* Sources */,
				0F525D0D1D2550FD00131603 /* Frameworks */,
				0F525D0E1D2550FD00131603 /* Resources */,
			);
			buildRules = (
			);
			dependencies = (
			);
			name = snowflake;
			productName = snowflake;
			productReference = 0F525D101D2550FD00131603 /* snowflake.app */;
			productType = "com.apple.product-type.application";
		};
/* End PBXNativeTarget section */

/* Begin PBXProject section */
		0F525D081D2550FD00131603 /* Project object */ = {
			isa = PBXProject;
			attributes = {
				LastUpgradeCheck = 0730;
				ORGANIZATIONNAME = tarena;
				TargetAttributes = {
					0F525D0F1D2550FD00131603 = {
						CreatedOnToolsVersion = 7.3;
						DevelopmentTeam = 2Y38CZPENU;
					};
				};
			};
			buildConfigurationList = 0F525D0B1D2550FD00131603 /* Build configuration list for PBXProject "snowflake" */;
			compatibilityVersion = "Xcode 3.2";
			developmentRegion = English;
			hasScannedForEncodings = 0;
			knownRegions = (
				en,
				Base,
			);
			mainGroup = 0F525D071D2550FD00131603;
			productRefGroup = 0F525D111D2550FD00131603 /* Products */;
			projectDirPath = "";
			projectRoot = "";
			targets = (
				0F525D0F1D2550FD00131603 /* snowflake */,
			);
		};
/* End PBXProject section */

/* Begin PBXResourcesBuildPhase section */
		0F525D0E1D2550FD00131603 /* Resources */ = {
			isa = PBXResourcesBuildPhase;
			buildActionMask = 2147483647;
			files = (
				0F525D231D2550FD00131603 /* LaunchScreen.storyboard in Resources */,
				0F525D201D2550FD00131603 /* Assets.xcassets in Resources */,
				0F525D1E1D2550FD00131603 /* Main.storyboard in Resources */,
			);
			runOnlyForDeploymentPostprocessing = 0;
		};
/* End PBXResourcesBuildPhase section */

/* Begin PBXSourcesBuildPhase section */
		0F525D0C1D2550FD00131603 /* Sources */ = {
			isa = PBXSourcesBuildPhase;
			buildActionMask = 2147483647;
			files = (
				0F525D1B1D2550FD00131603 /* ViewController.m in Sources */,
				0F525D181D2550FD00131603 /* AppDelegate.m in Sources */,
				0F525D151D2550FD00131603 /* main.m in Sources */,
			);
			runOnlyForDeploymentPostprocessing = 0;
		};
/* End PBXSourcesBuildPhase section */

/* Begin PBXVariantGroup section */
		0F525D1C1D2550FD00131603 /* Main.storyboard */ = {
			isa = PBXVariantGroup;
			children = (
				0F525D1D1D2550FD00131603 /* Base */,
			);
			name = Main.storyboard;
			sourceTree = "<group>";
		};
		0F525D211D2550FD00131603 /* LaunchScreen.storyboard */ = {
			isa = PBXVariantGroup;
			children = (
				0F525D221D2550FD00131603 /* Base */,
			);
			name = LaunchScreen.storyboard;
			sourceTree = "<group>";
		};
/* End PBXVariantGroup section */

/* Begin XCBuildConfiguration section */
		0F525D251D2550FD00131603 /* Debug */ = {
			isa = XCBuildConfiguration;
			buildSettings = {
				ALWAYS_SEARCH_USER_PATHS = NO;
				CLANG_ANALYZER_NONNULL = YES;
				CLANG_CXX_LANGUAGE_STANDARD = "gnu++0x";
				CLANG_CXX_LIBRARY = "libc++";
				CLANG_ENABLE_MODULES = YES;
				CLANG_ENABLE_OBJC_ARC = YES;
				CLANG_WARN_BOOL_CONVERSION = YES;
				CLANG_WARN_CONSTANT_CONVERSION = YES;
				CLANG_WARN_DIRECT_OBJC_ISA_USAGE = YES_ERROR;
				CLANG_WARN_EMPTY_BODY = YES;
				CLANG_WARN_ENUM_CONVERSION = YES;
				CLANG_WARN_INT_CONVERSION = YES;
				CLANG_WARN_OBJC_ROOT_CLASS = YES_ERROR;
				CLANG_WARN_UNREACHABLE_CODE = YES;
				CLANG_WARN__DUPLICATE_METHOD_MATCH = YES;
				"CODE_SIGN_IDENTITY[sdk=iphoneos*]" = "iPhone Developer";
				COPY_PHASE_STRIP = NO;
				DEBUG_INFORMATION_FORMAT = dwarf;
				ENABLE_STRICT_OBJC_MSGSEND = YES;
				ENABLE_TESTABILITY = YES;
				GCC_C_LANGUAGE_STANDARD = gnu99;
				GCC_DYNAMIC_NO_PIC = NO;
				GCC_NO_COMMON_BLOCKS = YES;
				GCC_OPTIMIZATION_LEVEL = 0;
				GCC_PREPROCESSOR_DEFINITIONS = (
					"DEBUG=1",
					"$(inherited)",
				);
				GCC_WARN_64_TO_32_BIT_CONVERSION = YES;
				GCC_WARN_ABOUT_RETURN_TYPE = YES_ERROR;
				GCC_WARN_UNDECLARED_SELECTOR = YES;
				GCC_WARN_UNINITIALIZED_AUTOS = YES_AGGRESSIVE;
				GCC_WARN_UNUSED_FUNCTION = YES;
				GCC_WARN_UNUSED_VARIABLE = YES;
				IPHONEOS_DEPLOYMENT_TARGET = 9.3;
				MTL_ENABLE_DEBUG_INFO = YES;
				ONLY_ACTIVE_ARCH = YES;
				SDKROOT = iphoneos;
			};
			name = Debug;
		};
		0F525D261D2550FD00131603 /* Release */ = {
			isa = XCBuildConfiguration;
			buildSettings = {
				ALWAYS_SEARCH_USER_PATHS = NO;
				CLANG_ANALYZER_NONNULL = YES;
				CLANG_CXX_LANGUAGE_STANDARD = "gnu++0x";
				CLANG_CXX_LIBRARY = "libc++";
				CLANG_ENABLE_MODULES = YES;
				CLANG_ENABLE_OBJC_ARC = YES;
				CLANG_WARN_BOOL_CONVERSION = YES;
				CLANG_WARN_CONSTANT_CONVERSION = YES;
				CLANG_WARN_DIRECT_OBJC_ISA_USAGE = YES_ERROR;
				CLANG_WARN_EMPTY_BODY = YES;
				CLANG_WARN_ENUM_CONVERSION = YES;
				CLANG_WARN_INT_CONVERSION = YES;
				CLANG_WARN_OBJC_ROOT_CLASS = YES_ERROR;
				CLANG_WARN_UNREACHABLE_CODE = YES;
				CLANG_WARN__DUPLICATE_METHOD_MATCH = YES;
				"CODE_SIGN_IDENTITY[sdk=iphoneos*]" = "iPhone Developer";
				COPY_PHASE_STRIP = NO;
				DEBUG_INFORMATION_FORMAT = "dwarf-with-dsym";
				ENABLE_NS_ASSERTIONS = NO;
				ENABLE_STRICT_OBJC_MSGSEND = YES;
				GCC_C_LANGUAGE_STANDARD = gnu99;
				GCC_NO_COMMON_BLOCKS = YES;
				GCC_WARN_64_TO_32_BIT_CONVERSION = YES;
				GCC_WARN_ABOUT_RETURN_TYPE = YES_ERROR;
				GCC_WARN_UNDECLARED_SELECTOR = YES;
				GCC_WARN_UNINITIALIZED_AUTOS = YES_AGGRESSIVE;
				GCC_WARN_UNUSED_FUNCTION = YES;
				GCC_WARN_UNUSED_VARIABLE = YES;
				IPHONEOS_DEPLOYMENT_TARGET = 9.3;
				MTL_ENABLE_DEBUG_INFO = NO;
				SDKROOT = iphoneos;
				VALIDATE_PRODUCT = YES;
			};
			name = Release;
		};
		0F525D281D2550FD00131603 /* Debug */ = {
			isa = XCBuildConfiguration;
			buildSettings = {
				ASSETCATALOG_COMPILER_APPICON_NAME = AppIcon;
				INFOPLIST_FILE = snowflake/Info.plist;
				LD_RUNPATH_SEARCH_PATHS = "$(inherited) @executable_path/Frameworks";
				PRODUCT_BUNDLE_IDENTIFIER = cn.tedu.snowflake;
				PRODUCT_NAME = "$(TARGET_NAME)";
			};
			name = Debug;
		};
		0F525D291D2550FD00131603 /* Release */ = {
			isa = XCBuildConfiguration;
			buildSettings = {
				ASSETCATALOG_COMPILER_APPICON_NAME = AppIcon;
				INFOPLIST_FILE = snowflake/Info.plist;
				LD_RUNPATH_SEARCH_PATHS = "$(inherited) @executable_path/Frameworks";
				PRODUCT_BUNDLE_IDENTIFIER = cn.tedu.snowflake;
				PRODUCT_NAME = "$(TARGET_NAME)";
			};
			name = Release;
		};
/* End XCBuildConfiguration section */

/* Begin XCConfigurationList section */
		0F525D0B1D2550FD00131603 /* Build configuration list for PBXProject "snowflake" */ = {
			isa = XCConfigurationList;
			buildConfigurations = (
				0F525D251D2550FD00131603 /* Debug */,
				0F525D261D2550FD00131603 /* Release */,
			);
			defaultConfigurationIsVisible = 0;
			defaultConfigurationName = Release;
		};
		0F525D271D2550FD00131603 /* Build configuration list for PBXNativeTarget "snowflake" */ = {
			isa = XCConfigurationList;
			buildConfigurations = (
				0F525D281D2550FD00131603 /* Debug */,
				0F525D291D2550FD00131603 /* Release */,
			);
			defaultConfigurationIsVisible = 0;
		};
/* End XCConfigurationList section */
	};
	rootObject = 0F525D081D2550FD00131603 /* Project object */;
}
